
Microsoft Visual Studio Solution File, Format Version 12.00
# Visual Studio Version 17
VisualStudioVersion = 17.4.33403.182
MinimumVisualStudioVersion = 10.0.40219.1
Project("{FAE04EC0-301F-11D3-BF4B-00C04F79EFBC}") = "AddEmployee", "AddEmployee\AddEmployee.csproj", "{5FB6F31E-1AB1-44B0-A2DC-2A5EA1CF882F}"
EndProject
Project("{FAE04EC0-301F-11D3-BF4B-00C04F79EFBC}") = "AddClient", "AddClient\AddClient.csproj", "{EE43C024-B738-4466-90EB-3490906C404B}"
EndProject
Project("{FAE04EC0-301F-11D3-BF4B-00C04F79EFBC}") = "AddFilm", "AddFilm\AddFilm.csproj", "{7AFEEE67-070F-4D54-A3F3-2E9462A41544}"
EndProject
Project("{FAE04EC0-301F-11D3-BF4B-00C04F79EFBC}") = "InfoDentisty", "InfoDentisty\InfoDentisty.csproj", "{91C97DE7-448A-4DC9-ADBB-7ADF802F796B}"
EndProject
Project("{FAE04EC0-301F-11D3-BF4B-00C04F79EFBC}") = "OrderOnline", "OrderOnline\OrderOnline.csproj", "{70E3758E-52F1-4523-86E8-A381FFC0AE41}"
EndProject
Project("{FAE04EC0-301F-11D3-BF4B-00C04F79EFBC}") = "ForTests", "Addition\ForTests.csproj", "{C35AAA59-6E2A-49BD-854E-A52A23B988A0}"
EndProject
Project("{FAE04EC0-301F-11D3-BF4B-00C04F79EFBC}") = "TestAddition", "TestAddition\TestAddition.csproj", "{240307ED-A99F-4F44-8266-1A41B4BC513A}"
EndProject
Project("{FAE04EC0-301F-11D3-BF4B-00C04F79EFBC}") = "Classes", "Classes\Classes.csproj", "{B6A17747-33BF-45EB-98E0-BEA193421CBF}"
EndProject
Global
	GlobalSection(SolutionConfigurationPlatforms) = preSolution
		Debug|Any CPU = Debug|Any CPU
		Release|Any CPU = Release|Any CPU
	EndGlobalSection
	GlobalSection(ProjectConfigurationPlatforms) = postSolution
		{5FB6F31E-1AB1-44B0-A2DC-2A5EA1CF882F}.Debug|Any CPU.ActiveCfg = Debug|Any CPU
		{5FB6F31E-1AB1-44B0-A2DC-2A5EA1CF882F}.Debug|Any CPU.Build.0 = Debug|Any CPU
		{5FB6F31E-1AB1-44B0-A2DC-2A5EA1CF882F}.Release|Any CPU.ActiveCfg = Release|Any CPU
		{5FB6F31E-1AB1-44B0-A2DC-2A5EA1CF882F}.Release|Any CPU.Build.0 = Release|Any CPU
		{EE43C024-B738-4466-90EB-3490906C404B}.Debug|Any CPU.ActiveCfg = Debug|Any CPU
		{EE43C024-B738-4466-90EB-3490906C404B}.Debug|Any CPU.Build.0 = Debug|Any CPU
		{EE43C024-B738-4466-90EB-3490906C404B}.Release|Any CPU.ActiveCfg = Release|Any CPU
		{EE43C024-B738-4466-90EB-3490906C404B}.Release|Any CPU.Build.0 = Release|Any CPU
		{7AFEEE67-070F-4D54-A3F3-2E9462A41544}.Debug|Any CPU.ActiveCfg = Debug|Any CPU
		{7AFEEE67-070F-4D54-A3F3-2E9462A41544}.Debug|Any CPU.Build.0 = Debug|Any CPU
		{7AFEEE67-070F-4D54-A3F3-2E9462A41544}.Release|Any CPU.ActiveCfg = Release|Any CPU
		{7AFEEE67-070F-4D54-A3F3-2E9462A41544}.Release|Any CPU.Build.0 = Release|Any CPU
		{91C97DE7-448A-4DC9-ADBB-7ADF802F796B}.Debug|Any CPU.ActiveCfg = Debug|Any CPU
		{91C97DE7-448A-4DC9-ADBB-7ADF802F796B}.Debug|Any CPU.Build.0 = Debug|Any CPU
		{91C97DE7-448A-4DC9-ADBB-7ADF802F796B}.Release|Any CPU.ActiveCfg = Release|Any CPU
		{91C97DE7-448A-4DC9-ADBB-7ADF802F796B}.Release|Any CPU.Build.0 = Release|Any CPU
		{70E3758E-52F1-4523-86E8-A381FFC0AE41}.Debug|Any CPU.ActiveCfg = Debug|Any CPU
		{70E3758E-52F1-4523-86E8-A381FFC0AE41}.Debug|Any CPU.Build.0 = Debug|Any CPU
		{70E3758E-52F1-4523-86E8-A381FFC0AE41}.Release|Any CPU.ActiveCfg = Release|Any CPU
		{70E3758E-52F1-4523-86E8-A381FFC0AE41}.Release|Any CPU.Build.0 = Release|Any CPU
		{C35AAA59-6E2A-49BD-854E-A52A23B988A0}.Debug|Any CPU.ActiveCfg = Debug|Any CPU
		{C35AAA59-6E2A-49BD-854E-A52A23B988A0}.Debug|Any CPU.Build.0 = Debug|Any CPU
		{C35AAA59-6E2A-49BD-854E-A52A23B988A0}.Release|Any CPU.ActiveCfg = Release|Any CPU
		{C35AAA59-6E2A-49BD-854E-A52A23B988A0}.Release|Any CPU.Build.0 = Release|Any CPU
		{240307ED-A99F-4F44-8266-1A41B4BC513A}.Debug|Any CPU.ActiveCfg = Debug|Any CPU
		{240307ED-A99F-4F44-8266-1A41B4BC513A}.Debug|Any CPU.Build.0 = Debug|Any CPU
		{240307ED-A99F-4F44-8266-1A41B4BC513A}.Release|Any CPU.ActiveCfg = Release|Any CPU
		{240307ED-A99F-4F44-8266-1A41B4BC513A}.Release|Any CPU.Build.0 = Release|Any CPU
		{B6A17747-33BF-45EB-98E0-BEA193421CBF}.Debug|Any CPU.ActiveCfg = Debug|Any CPU
		{B6A17747-33BF-45EB-98E0-BEA193421CBF}.Debug|Any CPU.Build.0 = Debug|Any CPU
		{B6A17747-33BF-45EB-98E0-BEA193421CBF}.Release|Any CPU.ActiveCfg = Release|Any CPU
		{B6A17747-33BF-45EB-98E0-BEA193421CBF}.Release|Any CPU.Build.0 = Release|Any CPU
	EndGlobalSection
	GlobalSection(SolutionProperties) = preSolution
		HideSolutionNode = FALSE
	EndGlobalSection
	GlobalSection(ExtensibilityGlobals) = postSolution
		SolutionGuid = {8A9C525F-9CFA-4659-9F1A-08E1CD4C1911}
	EndGlobalSection
EndGlobal
